// !$*UTF8*$!
{
	archiveVersion = 1;
	classes = {
	};
	objectVersion = 50;
	objects = {

/* Begin PBXBuildFile section */
		DC37CC5F239D6A610038A09A /* AppDelegate.swift in Sources */ = {isa = PBXBuildFile; fileRef = DC37CC5E239D6A610038A09A /* AppDelegate.swift */; };
		DC37CC61239D6A610038A09A /* SceneDelegate.swift in Sources */ = {isa = PBXBuildFile; fileRef = DC37CC60239D6A610038A09A /* SceneDelegate.swift */; };
		DC37CC63239D6A610038A09A /* CategoriesVC.swift in Sources */ = {isa = PBXBuildFile; fileRef = DC37CC62239D6A610038A09A /* CategoriesVC.swift */; };
		DC37CC68239D6A650038A09A /* Assets.xcassets in Resources */ = {isa = PBXBuildFile; fileRef = DC37CC67239D6A650038A09A /* Assets.xcassets */; };
		DC37CC76239D6A650038A09A /* ClassifiedsTests.swift in Sources */ = {isa = PBXBuildFile; fileRef = DC37CC75239D6A650038A09A /* ClassifiedsTests.swift */; };
		DC37CC81239D6A650038A09A /* ClassifiedsUITests.swift in Sources */ = {isa = PBXBuildFile; fileRef = DC37CC80239D6A650038A09A /* ClassifiedsUITests.swift */; };
		DC37CC92239D6E100038A09A /* WelcomeVC.swift in Sources */ = {isa = PBXBuildFile; fileRef = DC37CC91239D6E100038A09A /* WelcomeVC.swift */; };
		DC37CC95239D6E9D0038A09A /* libsqlite3.tbd in Frameworks */ = {isa = PBXBuildFile; fileRef = DC37CC94239D6E9D0038A09A /* libsqlite3.tbd */; };
		DC37CC97239D6F5B0038A09A /* CustomImageView.swift in Sources */ = {isa = PBXBuildFile; fileRef = DC37CC96239D6F5B0038A09A /* CustomImageView.swift */; };
		DC37CC9A239D6FA80038A09A /* Extensions.swift in Sources */ = {isa = PBXBuildFile; fileRef = DC37CC99239D6FA80038A09A /* Extensions.swift */; };
		DC37CC9D239D71DA0038A09A /* SQLiteManager.swift in Sources */ = {isa = PBXBuildFile; fileRef = DC37CC9C239D71DA0038A09A /* SQLiteManager.swift */; };
		DC37CC9F239D73180038A09A /* Category.swift in Sources */ = {isa = PBXBuildFile; fileRef = DC37CC9E239D73180038A09A /* Category.swift */; };
		DC37CCA1239D73D90038A09A /* CustomCell.swift in Sources */ = {isa = PBXBuildFile; fileRef = DC37CCA0239D73D90038A09A /* CustomCell.swift */; };
		DC37CCA3239D747F0038A09A /* JsonModel.swift in Sources */ = {isa = PBXBuildFile; fileRef = DC37CCA2239D747F0038A09A /* JsonModel.swift */; };
		DC37CCA5239D7AAC0038A09A /* ImagesVC.swift in Sources */ = {isa = PBXBuildFile; fileRef = DC37CCA4239D7AAC0038A09A /* ImagesVC.swift */; };
		DC37CCA7239D7B330038A09A /* DetailsVC.swift in Sources */ = {isa = PBXBuildFile; fileRef = DC37CCA6239D7B330038A09A /* DetailsVC.swift */; };
/* End PBXBuildFile section */

/* Begin PBXContainerItemProxy section */
		DC37CC72239D6A650038A09A /* PBXContainerItemProxy */ = {
			isa = PBXContainerItemProxy;
			containerPortal = DC37CC53239D6A610038A09A /* Project object */;
			proxyType = 1;
			remoteGlobalIDString = DC37CC5A239D6A610038A09A;
			remoteInfo = Classifieds;
		};
		DC37CC7D239D6A650038A09A /* PBXContainerItemProxy */ = {
			isa = PBXContainerItemProxy;
			containerPortal = DC37CC53239D6A610038A09A /* Project object */;
			proxyType = 1;
			remoteGlobalIDString = DC37CC5A239D6A610038A09A;
			remoteInfo = Classifieds;
		};
/* End PBXContainerItemProxy section */

/* Begin PBXFileReference section */
		DC37CC5B239D6A610038A09A /* Classifieds.app */ = {isa = PBXFileReference; explicitFileType = wrapper.application; includeInIndex = 0; path = Classifieds.app; sourceTree = BUILT_PRODUCTS_DIR; };
		DC37CC5E239D6A610038A09A /* AppDelegate.swift */ = {isa = PBXFileReference; lastKnownFileType = sourcecode.swift; path = AppDelegate.swift; sourceTree = "<group>"; };
		DC37CC60239D6A610038A09A /* SceneDelegate.swift */ = {isa = PBXFileReference; lastKnownFileType = sourcecode.swift; path = SceneDelegate.swift; sourceTree = "<group>"; };
		DC37CC62239D6A610038A09A /* CategoriesVC.swift */ = {isa = PBXFileReference; lastKnownFileType = sourcecode.swift; path = CategoriesVC.swift; sourceTree = "<group>"; };
		DC37CC67239D6A650038A09A /* Assets.xcassets */ = {isa = PBXFileReference; lastKnownFileType = folder.assetcatalog; path = Assets.xcassets; sourceTree = "<group>"; };
		DC37CC6C239D6A650038A09A /* Info.plist */ = {isa = PBXFileReference; lastKnownFileType = text.plist.xml; path = Info.plist; sourceTree = "<group>"; };
		DC37CC71239D6A650038A09A /* ClassifiedsTests.xctest */ = {isa = PBXFileReference; explicitFileType = wrapper.cfbundle; includeInIndex = 0; path = ClassifiedsTests.xctest; sourceTree = BUILT_PRODUCTS_DIR; };
		DC37CC75239D6A650038A09A /* ClassifiedsTests.swift */ = {isa = PBXFileReference; lastKnownFileType = sourcecode.swift; path = ClassifiedsTests.swift; sourceTree = "<group>"; };
		DC37CC77239D6A650038A09A /* Info.plist */ = {isa = PBXFileReference; lastKnownFileType = text.plist.xml; path = Info.plist; sourceTree = "<group>"; };
		DC37CC7C239D6A650038A09A /* ClassifiedsUITests.xctest */ = {isa = PBXFileReference; explicitFileType = wrapper.cfbundle; includeInIndex = 0; path = ClassifiedsUITests.xctest; sourceTree = BUILT_PRODUCTS_DIR; };
		DC37CC80239D6A650038A09A /* ClassifiedsUITests.swift */ = {isa = PBXFileReference; lastKnownFileType = sourcecode.swift; path = ClassifiedsUITests.swift; sourceTree = "<group>"; };
		DC37CC82239D6A650038A09A /* Info.plist */ = {isa = PBXFileReference; lastKnownFileType = text.plist.xml; path = Info.plist; sourceTree = "<group>"; };
		DC37CC91239D6E100038A09A /* WelcomeVC.swift */ = {isa = PBXFileReference; lastKnownFileType = sourcecode.swift; path = WelcomeVC.swift; sourceTree = "<group>"; };
		DC37CC94239D6E9D0038A09A /* libsqlite3.tbd */ = {isa = PBXFileReference; lastKnownFileType = "sourcecode.text-based-dylib-definition"; name = libsqlite3.tbd; path = usr/lib/libsqlite3.tbd; sourceTree = SDKROOT; };
		DC37CC96239D6F5B0038A09A /* CustomImageView.swift */ = {isa = PBXFileReference; lastKnownFileType = sourcecode.swift; path = CustomImageView.swift; sourceTree = "<group>"; };
		DC37CC99239D6FA80038A09A /* Extensions.swift */ = {isa = PBXFileReference; lastKnownFileType = sourcecode.swift; path = Extensions.swift; sourceTree = "<group>"; };
		DC37CC9C239D71DA0038A09A /* SQLiteManager.swift */ = {isa = PBXFileReference; lastKnownFileType = sourcecode.swift; path = SQLiteManager.swift; sourceTree = "<group>"; };
		DC37CC9E239D73180038A09A /* Category.swift */ = {isa = PBXFileReference; lastKnownFileType = sourcecode.swift; path = Category.swift; sourceTree = "<group>"; };
		DC37CCA0239D73D90038A09A /* CustomCell.swift */ = {isa = PBXFileReference; lastKnownFileType = sourcecode.swift; path = CustomCell.swift; sourceTree = "<group>"; };
		DC37CCA2239D747F0038A09A /* JsonModel.swift */ = {isa = PBXFileReference; lastKnownFileType = sourcecode.swift; path = JsonModel.swift; sourceTree = "<group>"; };
		DC37CCA4239D7AAC0038A09A /* ImagesVC.swift */ = {isa = PBXFileReference; lastKnownFileType = sourcecode.swift; path = ImagesVC.swift; sourceTree = "<group>"; };
		DC37CCA6239D7B330038A09A /* DetailsVC.swift */ = {isa = PBXFileReference; lastKnownFileType = sourcecode.swift; path = DetailsVC.swift; sourceTree = "<group>"; };
/* End PBXFileReference section */

/* Begin PBXFrameworksBuildPhase section */
		DC37CC58239D6A610038A09A /* Frameworks */ = {
			isa = PBXFrameworksBuildPhase;
			buildActionMask = 2147483647;
			files = (
				DC37CC95239D6E9D0038A09A /* libsqlite3.tbd in Frameworks */,
			);
			runOnlyForDeploymentPostprocessing = 0;
		};
		DC37CC6E239D6A650038A09A /* Frameworks */ = {
			isa = PBXFrameworksBuildPhase;
			buildActionMask = 2147483647;
			files = (
			);
			runOnlyForDeploymentPostprocessing = 0;
		};
		DC37CC79239D6A650038A09A /* Frameworks */ = {
			isa = PBXFrameworksBuildPhase;
			buildActionMask = 2147483647;
			files = (
			);
			runOnlyForDeploymentPostprocessing = 0;
		};
/* End PBXFrameworksBuildPhase section */

/* Begin PBXGroup section */
		DC37CC52239D6A610038A09A = {
			isa = PBXGroup;
			children = (
				DC37CC5D239D6A610038A09A /* Classifieds */,
				DC37CC74239D6A650038A09A /* ClassifiedsTests */,
				DC37CC7F239D6A650038A09A /* ClassifiedsUITests */,
				DC37CC5C239D6A610038A09A /* Products */,
				DC37CC93239D6E9D0038A09A /* Frameworks */,
			);
			sourceTree = "<group>";
		};
		DC37CC5C239D6A610038A09A /* Products */ = {
			isa = PBXGroup;
			children = (
				DC37CC5B239D6A610038A09A /* Classifieds.app */,
				DC37CC71239D6A650038A09A /* ClassifiedsTests.xctest */,
				DC37CC7C239D6A650038A09A /* ClassifiedsUITests.xctest */,
			);
			name = Products;
			sourceTree = "<group>";
		};
		DC37CC5D239D6A610038A09A /* Classifieds */ = {
			isa = PBXGroup;
			children = (
				DC37CC5E239D6A610038A09A /* AppDelegate.swift */,
				DC37CC60239D6A610038A09A /* SceneDelegate.swift */,
				DC37CC8E239D6B160038A09A /* Model */,
				DC37CC8F239D6B6C0038A09A /* View */,
				DC37CC90239D6B720038A09A /* Controller */,
				DC37CC98239D6F930038A09A /* Helpers */,
				DC37CCA8239D7C260038A09A /* SQLite */,
				DC37CC67239D6A650038A09A /* Assets.xcassets */,
				DC37CC6C239D6A650038A09A /* Info.plist */,
			);
			path = Classifieds;
			sourceTree = "<group>";
		};
		DC37CC74239D6A650038A09A /* ClassifiedsTests */ = {
			isa = PBXGroup;
			children = (
				DC37CC75239D6A650038A09A /* ClassifiedsTests.swift */,
				DC37CC77239D6A650038A09A /* Info.plist */,
			);
			path = ClassifiedsTests;
			sourceTree = "<group>";
		};
		DC37CC7F239D6A650038A09A /* ClassifiedsUITests */ = {
			isa = PBXGroup;
			children = (
				DC37CC80239D6A650038A09A /* ClassifiedsUITests.swift */,
				DC37CC82239D6A650038A09A /* Info.plist */,
			);
			path = ClassifiedsUITests;
			sourceTree = "<group>";
		};
		DC37CC8E239D6B160038A09A /* Model */ = {
			isa = PBXGroup;
			children = (
				DC37CC9E239D73180038A09A /* Category.swift */,
				DC37CCA2239D747F0038A09A /* JsonModel.swift */,
			);
			path = Model;
			sourceTree = "<group>";
		};
		DC37CC8F239D6B6C0038A09A /* View */ = {
			isa = PBXGroup;
			children = (
				DC37CC96239D6F5B0038A09A /* CustomImageView.swift */,
				DC37CCA0239D73D90038A09A /* CustomCell.swift */,
			);
			path = View;
			sourceTree = "<group>";
		};
		DC37CC90239D6B720038A09A /* Controller */ = {
			isa = PBXGroup;
			children = (
				DC37CC91239D6E100038A09A /* WelcomeVC.swift */,
				DC37CC62239D6A610038A09A /* CategoriesVC.swift */,
				DC37CCA4239D7AAC0038A09A /* ImagesVC.swift */,
				DC37CCA6239D7B330038A09A /* DetailsVC.swift */,
			);
			path = Controller;
			sourceTree = "<group>";
		};
		DC37CC93239D6E9D0038A09A /* Frameworks */ = {
			isa = PBXGroup;
			children = (
				DC37CC94239D6E9D0038A09A /* libsqlite3.tbd */,
			);
			name = Frameworks;
			sourceTree = "<group>";
		};
		DC37CC98239D6F930038A09A /* Helpers */ = {
			isa = PBXGroup;
			children = (
				DC37CC99239D6FA80038A09A /* Extensions.swift */,
			);
			path = Helpers;
			sourceTree = "<group>";
		};
		DC37CCA8239D7C260038A09A /* SQLite */ = {
			isa = PBXGroup;
			children = (
				DC37CC9C239D71DA0038A09A /* SQLiteManager.swift */,
			);
			path = SQLite;
			sourceTree = "<group>";
		};
/* End PBXGroup section */

/* Begin PBXNativeTarget section */
		DC37CC5A239D6A610038A09A /* Classifieds */ = {
			isa = PBXNativeTarget;
			buildConfigurationList = DC37CC85239D6A650038A09A /* Build configuration list for PBXNativeTarget "Classifieds" */;
			buildPhases = (
				DC37CC57239D6A610038A09A /* Sources */,
				DC37CC58239D6A610038A09A /* Frameworks */,
				DC37CC59239D6A610038A09A /* Resources */,
			);
			buildRules = (
			);
			dependencies = (
			);
			name = Classifieds;
			productName = Classifieds;
			productReference = DC37CC5B239D6A610038A09A /* Classifieds.app */;
			productType = "com.apple.product-type.application";
		};
		DC37CC70239D6A650038A09A /* ClassifiedsTests */ = {
			isa = PBXNativeTarget;
			buildConfigurationList = DC37CC88239D6A650038A09A /* Build configuration list for PBXNativeTarget "ClassifiedsTests" */;
			buildPhases = (
				DC37CC6D239D6A650038A09A /* Sources */,
				DC37CC6E239D6A650038A09A /* Frameworks */,
				DC37CC6F239D6A650038A09A /* Resources */,
			);
			buildRules = (
			);
			dependencies = (
				DC37CC73239D6A650038A09A /* PBXTargetDependency */,
			);
			name = ClassifiedsTests;
			productName = ClassifiedsTests;
			productReference = DC37CC71239D6A650038A09A /* ClassifiedsTests.xctest */;
			productType = "com.apple.product-type.bundle.unit-test";
		};
		DC37CC7B239D6A650038A09A /* ClassifiedsUITests */ = {
			isa = PBXNativeTarget;
			buildConfigurationList = DC37CC8B239D6A650038A09A /* Build configuration list for PBXNativeTarget "ClassifiedsUITests" */;
			buildPhases = (
				DC37CC78239D6A650038A09A /* Sources */,
				DC37CC79239D6A650038A09A /* Frameworks */,
				DC37CC7A239D6A650038A09A /* Resources */,
			);
			buildRules = (
			);
			dependencies = (
				DC37CC7E239D6A650038A09A /* PBXTargetDependency */,
			);
			name = ClassifiedsUITests;
			productName = ClassifiedsUITests;
			productReference = DC37CC7C239D6A650038A09A /* ClassifiedsUITests.xctest */;
			productType = "com.apple.product-type.bundle.ui-testing";
		};
/* End PBXNativeTarget section */

/* Begin PBXProject section */
		DC37CC53239D6A610038A09A /* Project object */ = {
			isa = PBXProject;
			attributes = {
				LastSwiftUpdateCheck = 1120;
				LastUpgradeCheck = 1120;
				ORGANIZATIONNAME = "Filip Krzyzanowski";
				TargetAttributes = {
					DC37CC5A239D6A610038A09A = {
						CreatedOnToolsVersion = 11.2.1;
					};
					DC37CC70239D6A650038A09A = {
						CreatedOnToolsVersion = 11.2.1;
						TestTargetID = DC37CC5A239D6A610038A09A;
					};
					DC37CC7B239D6A650038A09A = {
						CreatedOnToolsVersion = 11.2.1;
						TestTargetID = DC37CC5A239D6A610038A09A;
					};
				};
			};
			buildConfigurationList = DC37CC56239D6A610038A09A /* Build configuration list for PBXProject "Classifieds" */;
			compatibilityVersion = "Xcode 9.3";
			developmentRegion = en;
			hasScannedForEncodings = 0;
			knownRegions = (
				en,
				Base,
			);
			mainGroup = DC37CC52239D6A610038A09A;
			productRefGroup = DC37CC5C239D6A610038A09A /* Products */;
			projectDirPath = "";
			projectRoot = "";
			targets = (
				DC37CC5A239D6A610038A09A /* Classifieds */,
				DC37CC70239D6A650038A09A /* ClassifiedsTests */,
				DC37CC7B239D6A650038A09A /* ClassifiedsUITests */,
			);
		};
/* End PBXProject section */

/* Begin PBXResourcesBuildPhase section */
		DC37CC59239D6A610038A09A /* Resources */ = {
			isa = PBXResourcesBuildPhase;
			buildActionMask = 2147483647;
			files = (
				DC37CC68239D6A650038A09A /* Assets.xcassets in Resources */,
			);
			runOnlyForDeploymentPostprocessing = 0;
		};
		DC37CC6F239D6A650038A09A /* Resources */ = {
			isa = PBXResourcesBuildPhase;
			buildActionMask = 2147483647;
			files = (
			);
			runOnlyForDeploymentPostprocessing = 0;
		};
		DC37CC7A239D6A650038A09A /* Resources */ = {
			isa = PBXResourcesBuildPhase;
			buildActionMask = 2147483647;
			files = (
			);
			runOnlyForDeploymentPostprocessing = 0;
		};
/* End PBXResourcesBuildPhase section */

/* Begin PBXSourcesBuildPhase section */
		DC37CC57239D6A610038A09A /* Sources */ = {
			isa = PBXSourcesBuildPhase;
			buildActionMask = 2147483647;
			files = (
				DC37CCA5239D7AAC0038A09A /* ImagesVC.swift in Sources */,
				DC37CCA7239D7B330038A09A /* DetailsVC.swift in Sources */,
				DC37CC63239D6A610038A09A /* CategoriesVC.swift in Sources */,
				DC37CC9A239D6FA80038A09A /* Extensions.swift in Sources */,
				DC37CC5F239D6A610038A09A /* AppDelegate.swift in Sources */,
				DC37CC61239D6A610038A09A /* SceneDelegate.swift in Sources */,
				DC37CCA1239D73D90038A09A /* CustomCell.swift in Sources */,
				DC37CCA3239D747F0038A09A /* JsonModel.swift in Sources */,
				DC37CC9D239D71DA0038A09A /* SQLiteManager.swift in Sources */,
				DC37CC92239D6E100038A09A /* WelcomeVC.swift in Sources */,
				DC37CC97239D6F5B0038A09A /* CustomImageView.swift in Sources */,
				DC37CC9F239D73180038A09A /* Category.swift in Sources */,
			);
			runOnlyForDeploymentPostprocessing = 0;
		};
		DC37CC6D239D6A650038A09A /* Sources */ = {
			isa = PBXSourcesBuildPhase;
			buildActionMask = 2147483647;
			files = (
				DC37CC76239D6A650038A09A /* ClassifiedsTests.swift in Sources */,
			);
			runOnlyForDeploymentPostprocessing = 0;
		};
		DC37CC78239D6A650038A09A /* Sources */ = {
			isa = PBXSourcesBuildPhase;
			buildActionMask = 2147483647;
			files = (
				DC37CC81239D6A650038A09A /* ClassifiedsUITests.swift in Sources */,
			);
			runOnlyForDeploymentPostprocessing = 0;
		};
/* End PBXSourcesBuildPhase section */

/* Begin PBXTargetDependency section */
		DC37CC73239D6A650038A09A /* PBXTargetDependency */ = {
			isa = PBXTargetDependency;
			target = DC37CC5A239D6A610038A09A /* Classifieds */;
			targetProxy = DC37CC72239D6A650038A09A /* PBXContainerItemProxy */;
		};
		DC37CC7E239D6A650038A09A /* PBXTargetDependency */ = {
			isa = PBXTargetDependency;
			target = DC37CC5A239D6A610038A09A /* Classifieds */;
			targetProxy = DC37CC7D239D6A650038A09A /* PBXContainerItemProxy */;
		};
/* End PBXTargetDependency section */

/* Begin XCBuildConfiguration section */
		DC37CC83239D6A650038A09A /* Debug */ = {
			isa = XCBuildConfiguration;
			buildSettings = {
				ALWAYS_SEARCH_USER_PATHS = NO;
				CLANG_ANALYZER_NONNULL = YES;
				CLANG_ANALYZER_NUMBER_OBJECT_CONVERSION = YES_AGGRESSIVE;
				CLANG_CXX_LANGUAGE_STANDARD = "gnu++14";
				CLANG_CXX_LIBRARY = "libc++";
				CLANG_ENABLE_MODULES = YES;
				CLANG_ENABLE_OBJC_ARC = YES;
				CLANG_ENABLE_OBJC_WEAK = YES;
				CLANG_WARN_BLOCK_CAPTURE_AUTORELEASING = YES;
				CLANG_WARN_BOOL_CONVERSION = YES;
				CLANG_WARN_COMMA = YES;
				CLANG_WARN_CONSTANT_CONVERSION = YES;
				CLANG_WARN_DEPRECATED_OBJC_IMPLEMENTATIONS = YES;
				CLANG_WARN_DIRECT_OBJC_ISA_USAGE = YES_ERROR;
				CLANG_WARN_DOCUMENTATION_COMMENTS = YES;
				CLANG_WARN_EMPTY_BODY = YES;
				CLANG_WARN_ENUM_CONVERSION = YES;
				CLANG_WARN_INFINITE_RECURSION = YES;
				CLANG_WARN_INT_CONVERSION = YES;
				CLANG_WARN_NON_LITERAL_NULL_CONVERSION = YES;
				CLANG_WARN_OBJC_IMPLICIT_RETAIN_SELF = YES;
				CLANG_WARN_OBJC_LITERAL_CONVERSION = YES;
				CLANG_WARN_OBJC_ROOT_CLASS = YES_ERROR;
				CLANG_WARN_RANGE_LOOP_ANALYSIS = YES;
				CLANG_WARN_STRICT_PROTOTYPES = YES;
				CLANG_WARN_SUSPICIOUS_MOVE = YES;
				CLANG_WARN_UNGUARDED_AVAILABILITY = YES_AGGRESSIVE;
				CLANG_WARN_UNREACHABLE_CODE = YES;
				CLANG_WARN__DUPLICATE_METHOD_MATCH = YES;
				COPY_PHASE_STRIP = NO;
				DEBUG_INFORMATION_FORMAT = dwarf;
				ENABLE_STRICT_OBJC_MSGSEND = YES;
				ENABLE_TESTABILITY = YES;
				GCC_C_LANGUAGE_STANDARD = gnu11;
				GCC_DYNAMIC_NO_PIC = NO;
				GCC_NO_COMMON_BLOCKS = YES;
				GCC_OPTIMIZATION_LEVEL = 0;
				GCC_PREPROCESSOR_DEFINITIONS = (
					"DEBUG=1",
					"$(inherited)",
				);
				GCC_WARN_64_TO_32_BIT_CONVERSION = YES;
				GCC_WARN_ABOUT_RETURN_TYPE = YES_ERROR;
				GCC_WARN_UNDECLARED_SELECTOR = YES;
				GCC_WARN_UNINITIALIZED_AUTOS = YES_AGGRESSIVE;
				GCC_WARN_UNUSED_FUNCTION = YES;
				GCC_WARN_UNUSED_VARIABLE = YES;
				IPHONEOS_DEPLOYMENT_TARGET = 13.2;
				MTL_ENABLE_DEBUG_INFO = INCLUDE_SOURCE;
				MTL_FAST_MATH = YES;
				ONLY_ACTIVE_ARCH = YES;
				SDKROOT = iphoneos;
				SWIFT_ACTIVE_COMPILATION_CONDITIONS = DEBUG;
				SWIFT_OPTIMIZATION_LEVEL = "-Onone";
			};
			name = Debug;
		};
		DC37CC84239D6A650038A09A /* Release */ = {
			isa = XCBuildConfiguration;
			buildSettings = {
				ALWAYS_SEARCH_USER_PATHS = NO;
				CLANG_ANALYZER_NONNULL = YES;
				CLANG_ANALYZER_NUMBER_OBJECT_CONVERSION = YES_AGGRESSIVE;
				CLANG_CXX_LANGUAGE_STANDARD = "gnu++14";
				CLANG_CXX_LIBRARY = "libc++";
				CLANG_ENABLE_MODULES = YES;
				CLANG_ENABLE_OBJC_ARC = YES;
				CLANG_ENABLE_OBJC_WEAK = YES;
				CLANG_WARN_BLOCK_CAPTURE_AUTORELEASING = YES;
				CLANG_WARN_BOOL_CONVERSION = YES;
				CLANG_WARN_COMMA = YES;
				CLANG_WARN_CONSTANT_CONVERSION = YES;
				CLANG_WARN_DEPRECATED_OBJC_IMPLEMENTATIONS = YES;
				CLANG_WARN_DIRECT_OBJC_ISA_USAGE = YES_ERROR;
				CLANG_WARN_DOCUMENTATION_COMMENTS = YES;
				CLANG_WARN_EMPTY_BODY = YES;
				CLANG_WARN_ENUM_CONVERSION = YES;
				CLANG_WARN_INFINITE_RECURSION = YES;
				CLANG_WARN_INT_CONVERSION = YES;
				CLANG_WARN_NON_LITERAL_NULL_CONVERSION = YES;
				CLANG_WARN_OBJC_IMPLICIT_RETAIN_SELF = YES;
				CLANG_WARN_OBJC_LITERAL_CONVERSION = YES;
				CLANG_WARN_OBJC_ROOT_CLASS = YES_ERROR;
				CLANG_WARN_RANGE_LOOP_ANALYSIS = YES;
				CLANG_WARN_STRICT_PROTOTYPES = YES;
				CLANG_WARN_SUSPICIOUS_MOVE = YES;
				CLANG_WARN_UNGUARDED_AVAILABILITY = YES_AGGRESSIVE;
				CLANG_WARN_UNREACHABLE_CODE = YES;
				CLANG_WARN__DUPLICATE_METHOD_MATCH = YES;
				COPY_PHASE_STRIP = NO;
				DEBUG_INFORMATION_FORMAT = "dwarf-with-dsym";
				ENABLE_NS_ASSERTIONS = NO;
				ENABLE_STRICT_OBJC_MSGSEND = YES;
				GCC_C_LANGUAGE_STANDARD = gnu11;
				GCC_NO_COMMON_BLOCKS = YES;
				GCC_WARN_64_TO_32_BIT_CONVERSION = YES;
				GCC_WARN_ABOUT_RETURN_TYPE = YES_ERROR;
				GCC_WARN_UNDECLARED_SELECTOR = YES;
				GCC_WARN_UNINITIALIZED_AUTOS = YES_AGGRESSIVE;
				GCC_WARN_UNUSED_FUNCTION = YES;
				GCC_WARN_UNUSED_VARIABLE = YES;
				IPHONEOS_DEPLOYMENT_TARGET = 13.2;
				MTL_ENABLE_DEBUG_INFO = NO;
				MTL_FAST_MATH = YES;
				SDKROOT = iphoneos;
				SWIFT_COMPILATION_MODE = wholemodule;
				SWIFT_OPTIMIZATION_LEVEL = "-O";
				VALIDATE_PRODUCT = YES;
			};
			name = Release;
		};
		DC37CC86239D6A650038A09A /* Debug */ = {
			isa = XCBuildConfiguration;
			buildSettings = {
				ASSETCATALOG_COMPILER_APPICON_NAME = AppIcon;
				CODE_SIGN_STYLE = Automatic;
				DEVELOPMENT_TEAM = 3378LL69RZ;
				INFOPLIST_FILE = Classifieds/Info.plist;
				LD_RUNPATH_SEARCH_PATHS = (
					"$(inherited)",
					"@executable_path/Frameworks",
				);
				PRODUCT_BUNDLE_IDENTIFIER = com.filipkrzyzanowski.Classifieds;
				PRODUCT_NAME = "$(TARGET_NAME)";
				SWIFT_VERSION = 5.0;
				TARGETED_DEVICE_FAMILY = "1,2";
			};
			name = Debug;
		};
		DC37CC87239D6A650038A09A /* Release */ = {
			isa = XCBuildConfiguration;
			buildSettings = {
				ASSETCATALOG_COMPILER_APPICON_NAME = AppIcon;
				CODE_SIGN_STYLE = Automatic;
				DEVELOPMENT_TEAM = 3378LL69RZ;
				INFOPLIST_FILE = Classifieds/Info.plist;
				LD_RUNPATH_SEARCH_PATHS = (
					"$(inherited)",
					"@executable_path/Frameworks",
				);
				PRODUCT_BUNDLE_IDENTIFIER = com.filipkrzyzanowski.Classifieds;
				PRODUCT_NAME = "$(TARGET_NAME)";
				SWIFT_VERSION = 5.0;
				TARGETED_DEVICE_FAMILY = "1,2";
			};
			name = Release;
		};
		DC37CC89239D6A650038A09A /* Debug */ = {
			isa = XCBuildConfiguration;
			buildSettings = {
				ALWAYS_EMBED_SWIFT_STANDARD_LIBRARIES = YES;
				BUNDLE_LOADER = "$(TEST_HOST)";
				CODE_SIGN_STYLE = Automatic;
				DEVELOPMENT_TEAM = 3378LL69RZ;
				INFOPLIST_FILE = ClassifiedsTests/Info.plist;
				IPHONEOS_DEPLOYMENT_TARGET = 13.2;
				LD_RUNPATH_SEARCH_PATHS = (
					"$(inherited)",
					"@executable_path/Frameworks",
					"@loader_path/Frameworks",
				);
				PRODUCT_BUNDLE_IDENTIFIER = com.filipkrzyzanowski.ClassifiedsTests;
				PRODUCT_NAME = "$(TARGET_NAME)";
				SWIFT_VERSION = 5.0;
				TARGETED_DEVICE_FAMILY = "1,2";
				TEST_HOST = "$(BUILT_PRODUCTS_DIR)/Classifieds.app/Classifieds";
			};
			name = Debug;
		};
		DC37CC8A239D6A650038A09A /* Release */ = {
			isa = XCBuildConfiguration;
			buildSettings = {
				ALWAYS_EMBED_SWIFT_STANDARD_LIBRARIES = YES;
				BUNDLE_LOADER = "$(TEST_HOST)";
				CODE_SIGN_STYLE = Automatic;
				DEVELOPMENT_TEAM = 3378LL69RZ;
				INFOPLIST_FILE = ClassifiedsTests/Info.plist;
				IPHONEOS_DEPLOYMENT_TARGET = 13.2;
				LD_RUNPATH_SEARCH_PATHS = (
					"$(inherited)",
					"@executable_path/Frameworks",
					"@loader_path/Frameworks",
				);
				PRODUCT_BUNDLE_IDENTIFIER = com.filipkrzyzanowski.ClassifiedsTests;
				PRODUCT_NAME = "$(TARGET_NAME)";
				SWIFT_VERSION = 5.0;
				TARGETED_DEVICE_FAMILY = "1,2";
				TEST_HOST = "$(BUILT_PRODUCTS_DIR)/Classifieds.app/Classifieds";
			};
			name = Release;
		};
		DC37CC8C239D6A650038A09A /* Debug */ = {
			isa = XCBuildConfiguration;
			buildSettings = {
				ALWAYS_EMBED_SWIFT_STANDARD_LIBRARIES = YES;
				CODE_SIGN_STYLE = Automatic;
				DEVELOPMENT_TEAM = 3378LL69RZ;
				INFOPLIST_FILE = ClassifiedsUITests/Info.plist;
				LD_RUNPATH_SEARCH_PATHS = (
					"$(inherited)",
					"@executable_path/Frameworks",
					"@loader_path/Frameworks",
				);
				PRODUCT_BUNDLE_IDENTIFIER = com.filipkrzyzanowski.ClassifiedsUITests;
				PRODUCT_NAME = "$(TARGET_NAME)";
				SWIFT_VERSION = 5.0;
				TARGETED_DEVICE_FAMILY = "1,2";
				TEST_TARGET_NAME = Classifieds;
			};
			name = Debug;
		};
		DC37CC8D239D6A650038A09A /* Release */ = {
			isa = XCBuildConfiguration;
			buildSettings = {
				ALWAYS_EMBED_SWIFT_STANDARD_LIBRARIES = YES;
				CODE_SIGN_STYLE = Automatic;
				DEVELOPMENT_TEAM = 3378LL69RZ;
				INFOPLIST_FILE = ClassifiedsUITests/Info.plist;
				LD_RUNPATH_SEARCH_PATHS = (
					"$(inherited)",
					"@executable_path/Frameworks",
					"@loader_path/Frameworks",
				);
				PRODUCT_BUNDLE_IDENTIFIER = com.filipkrzyzanowski.ClassifiedsUITests;
				PRODUCT_NAME = "$(TARGET_NAME)";
				SWIFT_VERSION = 5.0;
				TARGETED_DEVICE_FAMILY = "1,2";
				TEST_TARGET_NAME = Classifieds;
			};
			name = Release;
		};
/* End XCBuildConfiguration section */

/* Begin XCConfigurationList section */
		DC37CC56239D6A610038A09A /* Build configuration list for PBXProject "Classifieds" */ = {
			isa = XCConfigurationList;
			buildConfigurations = (
				DC37CC83239D6A650038A09A /* Debug */,
				DC37CC84239D6A650038A09A /* Release */,
			);
			defaultConfigurationIsVisible = 0;
			defaultConfigurationName = Release;
		};
		DC37CC85239D6A650038A09A /* Build configuration list for PBXNativeTarget "Classifieds" */ = {
			isa = XCConfigurationList;
			buildConfigurations = (
				DC37CC86239D6A650038A09A /* Debug */,
				DC37CC87239D6A650038A09A /* Release */,
			);
			defaultConfigurationIsVisible = 0;
			defaultConfigurationName = Release;
		};
		DC37CC88239D6A650038A09A /* Build configuration list for PBXNativeTarget "ClassifiedsTests" */ = {
			isa = XCConfigurationList;
			buildConfigurations = (
				DC37CC89239D6A650038A09A /* Debug */,
				DC37CC8A239D6A650038A09A /* Release */,
			);
			defaultConfigurationIsVisible = 0;
			defaultConfigurationName = Release;
		};
		DC37CC8B239D6A650038A09A /* Build configuration list for PBXNativeTarget "ClassifiedsUITests" */ = {
			isa = XCConfigurationList;
			buildConfigurations = (
				DC37CC8C239D6A650038A09A /* Debug */,
				DC37CC8D239D6A650038A09A /* Release */,
			);
			defaultConfigurationIsVisible = 0;
			defaultConfigurationName = Release;
		};
/* End XCConfigurationList section */
	};
	rootObject = DC37CC53239D6A610038A09A /* Project object */;
}
